
Microsoft Visual Studio Solution File, Format Version 11.00
# Visual Studio 2010
Project("{FAE04EC0-301F-11D3-BF4B-00C04F79EFBC}") = "marvin", "Assembly-CSharp.csproj", "{77401302-0BE1-8DE0-00E8-116AECA5D60D}"
EndProject
Project("{FAE04EC0-301F-11D3-BF4B-00C04F79EFBC}") = "marvin", "Assembly-CSharp-Editor.csproj", "{A8EACF3B-D16D-A27C-B09B-707647D96CDF}"
EndProject
Global
	GlobalSection(SolutionConfigurationPlatforms) = preSolution
		Debug|Any CPU = Debug|Any CPU
		Release|Any CPU = Release|Any CPU
	EndGlobalSection
	GlobalSection(ProjectConfigurationPlatforms) = postSolution
		{77401302-0BE1-8DE0-00E8-116AECA5D60D}.Debug|Any CPU.ActiveCfg = Debug|Any CPU
		{77401302-0BE1-8DE0-00E8-116AECA5D60D}.Debug|Any CPU.Build.0 = Debug|Any CPU
		{77401302-0BE1-8DE0-00E8-116AECA5D60D}.Release|Any CPU.ActiveCfg = Release|Any CPU
		{77401302-0BE1-8DE0-00E8-116AECA5D60D}.Release|Any CPU.Build.0 = Release|Any CPU
		{A8EACF3B-D16D-A27C-B09B-707647D96CDF}.Debug|Any CPU.ActiveCfg = Debug|Any CPU
		{A8EACF3B-D16D-A27C-B09B-707647D96CDF}.Debug|Any CPU.Build.0 = Debug|Any CPU
		{A8EACF3B-D16D-A27C-B09B-707647D96CDF}.Release|Any CPU.ActiveCfg = Release|Any CPU
		{A8EACF3B-D16D-A27C-B09B-707647D96CDF}.Release|Any CPU.Build.0 = Release|Any CPU
	EndGlobalSection
	GlobalSection(SolutionProperties) = preSolution
		HideSolutionNode = FALSE
	EndGlobalSection
	GlobalSection(MonoDevelopProperties) = preSolution
		StartupItem = Assembly-CSharp.csproj
	EndGlobalSection
EndGlobal
